// !$*UTF8*$!
{
	archiveVersion = 1;
	classes = {
	};
	objectVersion = 48;
	objects = {

/* Begin PBXBuildFile section */
		3468F58031E37271ECCCD6D7 /* Pods_TaxiUITests.framework in Frameworks */ = {isa = PBXBuildFile; fileRef = 2A1E640308CAEA54DAE1DA42 /* Pods_TaxiUITests.framework */; };
		5E83342003339B96E0A41150 /* Pods_Taxi.framework in Frameworks */ = {isa = PBXBuildFile; fileRef = 858316E845E7480939BD0239 /* Pods_Taxi.framework */; };
		6FE9D4527D1D4B0415DD94C5 /* Pods_TaxiTests.framework in Frameworks */ = {isa = PBXBuildFile; fileRef = 6C81A34699710138B338B4FB /* Pods_TaxiTests.framework */; };
		ED38B1721FC8182600718CE1 /* UberVC.swift in Sources */ = {isa = PBXBuildFile; fileRef = ED38B1701FC8182500718CE1 /* UberVC.swift */; };
		ED38B1731FC8182600718CE1 /* UberVC.xib in Resources */ = {isa = PBXBuildFile; fileRef = ED38B1711FC8182500718CE1 /* UberVC.xib */; };
		EDA201C31FC723770019E78B /* AppDelegate.swift in Sources */ = {isa = PBXBuildFile; fileRef = EDA201C21FC723770019E78B /* AppDelegate.swift */; };
		EDA201C51FC723770019E78B /* ViewController.swift in Sources */ = {isa = PBXBuildFile; fileRef = EDA201C41FC723770019E78B /* ViewController.swift */; };
		EDA201C81FC723770019E78B /* Main.storyboard in Resources */ = {isa = PBXBuildFile; fileRef = EDA201C61FC723770019E78B /* Main.storyboard */; };
		EDA201CA1FC723770019E78B /* Assets.xcassets in Resources */ = {isa = PBXBuildFile; fileRef = EDA201C91FC723770019E78B /* Assets.xcassets */; };
		EDA201CD1FC723770019E78B /* LaunchScreen.storyboard in Resources */ = {isa = PBXBuildFile; fileRef = EDA201CB1FC723770019E78B /* LaunchScreen.storyboard */; };
		EDA201D81FC723770019E78B /* TaxiTests.swift in Sources */ = {isa = PBXBuildFile; fileRef = EDA201D71FC723770019E78B /* TaxiTests.swift */; };
		EDA201E31FC723770019E78B /* TaxiUITests.swift in Sources */ = {isa = PBXBuildFile; fileRef = EDA201E21FC723770019E78B /* TaxiUITests.swift */; };
/* End PBXBuildFile section */

/* Begin PBXContainerItemProxy section */
		EDA201D41FC723770019E78B /* PBXContainerItemProxy */ = {
			isa = PBXContainerItemProxy;
			containerPortal = EDA201B71FC723770019E78B /* Project object */;
			proxyType = 1;
			remoteGlobalIDString = EDA201BE1FC723770019E78B;
			remoteInfo = Taxi;
		};
		EDA201DF1FC723770019E78B /* PBXContainerItemProxy */ = {
			isa = PBXContainerItemProxy;
			containerPortal = EDA201B71FC723770019E78B /* Project object */;
			proxyType = 1;
			remoteGlobalIDString = EDA201BE1FC723770019E78B;
			remoteInfo = Taxi;
		};
/* End PBXContainerItemProxy section */

/* Begin PBXFileReference section */
		24AD8078CFE73C262E261E81 /* Pods-Taxi.debug.xcconfig */ = {isa = PBXFileReference; includeInIndex = 1; lastKnownFileType = text.xcconfig; name = "Pods-Taxi.debug.xcconfig"; path = "Pods/Target Support Files/Pods-Taxi/Pods-Taxi.debug.xcconfig"; sourceTree = "<group>"; };
		2A1E640308CAEA54DAE1DA42 /* Pods_TaxiUITests.framework */ = {isa = PBXFileReference; explicitFileType = wrapper.framework; includeInIndex = 0; path = Pods_TaxiUITests.framework; sourceTree = BUILT_PRODUCTS_DIR; };
		5356B4F6551F230DB59A8E6E /* Pods-Taxi.release.xcconfig */ = {isa = PBXFileReference; includeInIndex = 1; lastKnownFileType = text.xcconfig; name = "Pods-Taxi.release.xcconfig"; path = "Pods/Target Support Files/Pods-Taxi/Pods-Taxi.release.xcconfig"; sourceTree = "<group>"; };
		6C81A34699710138B338B4FB /* Pods_TaxiTests.framework */ = {isa = PBXFileReference; explicitFileType = wrapper.framework; includeInIndex = 0; path = Pods_TaxiTests.framework; sourceTree = BUILT_PRODUCTS_DIR; };
		858316E845E7480939BD0239 /* Pods_Taxi.framework */ = {isa = PBXFileReference; explicitFileType = wrapper.framework; includeInIndex = 0; path = Pods_Taxi.framework; sourceTree = BUILT_PRODUCTS_DIR; };
		99FF26BA7B19CD8DB6DB6C90 /* Pods-TaxiUITests.release.xcconfig */ = {isa = PBXFileReference; includeInIndex = 1; lastKnownFileType = text.xcconfig; name = "Pods-TaxiUITests.release.xcconfig"; path = "Pods/Target Support Files/Pods-TaxiUITests/Pods-TaxiUITests.release.xcconfig"; sourceTree = "<group>"; };
		AB443F734273B3418C48077E /* Pods-TaxiTests.debug.xcconfig */ = {isa = PBXFileReference; includeInIndex = 1; lastKnownFileType = text.xcconfig; name = "Pods-TaxiTests.debug.xcconfig"; path = "Pods/Target Support Files/Pods-TaxiTests/Pods-TaxiTests.debug.xcconfig"; sourceTree = "<group>"; };
		BC7B8572E74D8323970F0D7C /* Pods-TaxiUITests.debug.xcconfig */ = {isa = PBXFileReference; includeInIndex = 1; lastKnownFileType = text.xcconfig; name = "Pods-TaxiUITests.debug.xcconfig"; path = "Pods/Target Support Files/Pods-TaxiUITests/Pods-TaxiUITests.debug.xcconfig"; sourceTree = "<group>"; };
		E8E2D82D7013365337DFEEDC /* Pods-TaxiTests.release.xcconfig */ = {isa = PBXFileReference; includeInIndex = 1; lastKnownFileType = text.xcconfig; name = "Pods-TaxiTests.release.xcconfig"; path = "Pods/Target Support Files/Pods-TaxiTests/Pods-TaxiTests.release.xcconfig"; sourceTree = "<group>"; };
		ED38B1701FC8182500718CE1 /* UberVC.swift */ = {isa = PBXFileReference; lastKnownFileType = sourcecode.swift; path = UberVC.swift; sourceTree = "<group>"; };
		ED38B1711FC8182500718CE1 /* UberVC.xib */ = {isa = PBXFileReference; lastKnownFileType = file.xib; path = UberVC.xib; sourceTree = "<group>"; };
		EDA201BF1FC723770019E78B /* Taxi.app */ = {isa = PBXFileReference; explicitFileType = wrapper.application; includeInIndex = 0; path = Taxi.app; sourceTree = BUILT_PRODUCTS_DIR; };
		EDA201C21FC723770019E78B /* AppDelegate.swift */ = {isa = PBXFileReference; lastKnownFileType = sourcecode.swift; path = AppDelegate.swift; sourceTree = "<group>"; };
		EDA201C41FC723770019E78B /* ViewController.swift */ = {isa = PBXFileReference; lastKnownFileType = sourcecode.swift; path = ViewController.swift; sourceTree = "<group>"; };
		EDA201C71FC723770019E78B /* Base */ = {isa = PBXFileReference; lastKnownFileType = file.storyboard; name = Base; path = Base.lproj/Main.storyboard; sourceTree = "<group>"; };
		EDA201C91FC723770019E78B /* Assets.xcassets */ = {isa = PBXFileReference; lastKnownFileType = folder.assetcatalog; path = Assets.xcassets; sourceTree = "<group>"; };
		EDA201CC1FC723770019E78B /* Base */ = {isa = PBXFileReference; lastKnownFileType = file.storyboard; name = Base; path = Base.lproj/LaunchScreen.storyboard; sourceTree = "<group>"; };
		EDA201CE1FC723770019E78B /* Info.plist */ = {isa = PBXFileReference; lastKnownFileType = text.plist.xml; path = Info.plist; sourceTree = "<group>"; };
		EDA201D31FC723770019E78B /* TaxiTests.xctest */ = {isa = PBXFileReference; explicitFileType = wrapper.cfbundle; includeInIndex = 0; path = TaxiTests.xctest; sourceTree = BUILT_PRODUCTS_DIR; };
		EDA201D71FC723770019E78B /* TaxiTests.swift */ = {isa = PBXFileReference; lastKnownFileType = sourcecode.swift; path = TaxiTests.swift; sourceTree = "<group>"; };
		EDA201D91FC723770019E78B /* Info.plist */ = {isa = PBXFileReference; lastKnownFileType = text.plist.xml; path = Info.plist; sourceTree = "<group>"; };
		EDA201DE1FC723770019E78B /* TaxiUITests.xctest */ = {isa = PBXFileReference; explicitFileType = wrapper.cfbundle; includeInIndex = 0; path = TaxiUITests.xctest; sourceTree = BUILT_PRODUCTS_DIR; };
		EDA201E21FC723770019E78B /* TaxiUITests.swift */ = {isa = PBXFileReference; lastKnownFileType = sourcecode.swift; path = TaxiUITests.swift; sourceTree = "<group>"; };
		EDA201E41FC723770019E78B /* Info.plist */ = {isa = PBXFileReference; lastKnownFileType = text.plist.xml; path = Info.plist; sourceTree = "<group>"; };
/* End PBXFileReference section */

/* Begin PBXFrameworksBuildPhase section */
		EDA201BC1FC723770019E78B /* Frameworks */ = {
			isa = PBXFrameworksBuildPhase;
			buildActionMask = 2147483647;
			files = (
				5E83342003339B96E0A41150 /* Pods_Taxi.framework in Frameworks */,
			);
			runOnlyForDeploymentPostprocessing = 0;
		};
		EDA201D01FC723770019E78B /* Frameworks */ = {
			isa = PBXFrameworksBuildPhase;
			buildActionMask = 2147483647;
			files = (
				6FE9D4527D1D4B0415DD94C5 /* Pods_TaxiTests.framework in Frameworks */,
			);
			runOnlyForDeploymentPostprocessing = 0;
		};
		EDA201DB1FC723770019E78B /* Frameworks */ = {
			isa = PBXFrameworksBuildPhase;
			buildActionMask = 2147483647;
			files = (
				3468F58031E37271ECCCD6D7 /* Pods_TaxiUITests.framework in Frameworks */,
			);
			runOnlyForDeploymentPostprocessing = 0;
		};
/* End PBXFrameworksBuildPhase section */

/* Begin PBXGroup section */
		0D2B8FF9AC4A4959830A7F2A /* Frameworks */ = {
			isa = PBXGroup;
			children = (
				858316E845E7480939BD0239 /* Pods_Taxi.framework */,
				6C81A34699710138B338B4FB /* Pods_TaxiTests.framework */,
				2A1E640308CAEA54DAE1DA42 /* Pods_TaxiUITests.framework */,
			);
			name = Frameworks;
			sourceTree = "<group>";
		};
		12D2B96BF4E80BAA4DD918C6 /* Pods */ = {
			isa = PBXGroup;
			children = (
				24AD8078CFE73C262E261E81 /* Pods-Taxi.debug.xcconfig */,
				5356B4F6551F230DB59A8E6E /* Pods-Taxi.release.xcconfig */,
				AB443F734273B3418C48077E /* Pods-TaxiTests.debug.xcconfig */,
				E8E2D82D7013365337DFEEDC /* Pods-TaxiTests.release.xcconfig */,
				BC7B8572E74D8323970F0D7C /* Pods-TaxiUITests.debug.xcconfig */,
				99FF26BA7B19CD8DB6DB6C90 /* Pods-TaxiUITests.release.xcconfig */,
			);
			name = Pods;
			sourceTree = "<group>";
		};
		EDA201B61FC723770019E78B = {
			isa = PBXGroup;
			children = (
				EDA201C11FC723770019E78B /* Taxi */,
				EDA201D61FC723770019E78B /* TaxiTests */,
				EDA201E11FC723770019E78B /* TaxiUITests */,
				EDA201C01FC723770019E78B /* Products */,
				12D2B96BF4E80BAA4DD918C6 /* Pods */,
				0D2B8FF9AC4A4959830A7F2A /* Frameworks */,
			);
			sourceTree = "<group>";
		};
		EDA201C01FC723770019E78B /* Products */ = {
			isa = PBXGroup;
			children = (
				EDA201BF1FC723770019E78B /* Taxi.app */,
				EDA201D31FC723770019E78B /* TaxiTests.xctest */,
				EDA201DE1FC723770019E78B /* TaxiUITests.xctest */,
			);
			name = Products;
			sourceTree = "<group>";
		};
		EDA201C11FC723770019E78B /* Taxi */ = {
			isa = PBXGroup;
			children = (
				EDA201CE1FC723770019E78B /* Info.plist */,
				EDA201C21FC723770019E78B /* AppDelegate.swift */,
				EDA201C41FC723770019E78B /* ViewController.swift */,
				ED38B1701FC8182500718CE1 /* UberVC.swift */,
				EDA201C91FC723770019E78B /* Assets.xcassets */,
				EDA201CB1FC723770019E78B /* LaunchScreen.storyboard */,
				EDA201C61FC723770019E78B /* Main.storyboard */,
				ED38B1711FC8182500718CE1 /* UberVC.xib */,
			);
			path = Taxi;
			sourceTree = "<group>";
		};
		EDA201D61FC723770019E78B /* TaxiTests */ = {
			isa = PBXGroup;
			children = (
				EDA201D71FC723770019E78B /* TaxiTests.swift */,
				EDA201D91FC723770019E78B /* Info.plist */,
			);
			path = TaxiTests;
			sourceTree = "<group>";
		};
		EDA201E11FC723770019E78B /* TaxiUITests */ = {
			isa = PBXGroup;
			children = (
				EDA201E21FC723770019E78B /* TaxiUITests.swift */,
				EDA201E41FC723770019E78B /* Info.plist */,
			);
			path = TaxiUITests;
			sourceTree = "<group>";
		};
/* End PBXGroup section */

/* Begin PBXNativeTarget section */
		EDA201BE1FC723770019E78B /* Taxi */ = {
			isa = PBXNativeTarget;
			buildConfigurationList = EDA201E71FC723770019E78B /* Build configuration list for PBXNativeTarget "Taxi" */;
			buildPhases = (
				1B8A3915977C1EADFC923801 /* [CP] Check Pods Manifest.lock */,
				EDA201BB1FC723770019E78B /* Sources */,
				EDA201BC1FC723770019E78B /* Frameworks */,
				EDA201BD1FC723770019E78B /* Resources */,
				82386A0BABEA86D3AAC293F6 /* [CP] Embed Pods Frameworks */,
				D7086E56B94D81F1E43735DF /* [CP] Copy Pods Resources */,
			);
			buildRules = (
			);
			dependencies = (
			);
			name = Taxi;
			productName = Taxi;
			productReference = EDA201BF1FC723770019E78B /* Taxi.app */;
			productType = "com.apple.product-type.application";
		};
		EDA201D21FC723770019E78B /* TaxiTests */ = {
			isa = PBXNativeTarget;
			buildConfigurationList = EDA201EA1FC723770019E78B /* Build configuration list for PBXNativeTarget "TaxiTests" */;
			buildPhases = (
				B3221A8AD4EDE77B3972B7E5 /* [CP] Check Pods Manifest.lock */,
				EDA201CF1FC723770019E78B /* Sources */,
				EDA201D01FC723770019E78B /* Frameworks */,
				EDA201D11FC723770019E78B /* Resources */,
				319338379AA6D64FD10180CC /* [CP] Embed Pods Frameworks */,
				6B90D66CCF8CB9AA86181938 /* [CP] Copy Pods Resources */,
			);
			buildRules = (
			);
			dependencies = (
				EDA201D51FC723770019E78B /* PBXTargetDependency */,
			);
			name = TaxiTests;
			productName = TaxiTests;
			productReference = EDA201D31FC723770019E78B /* TaxiTests.xctest */;
			productType = "com.apple.product-type.bundle.unit-test";
		};
		EDA201DD1FC723770019E78B /* TaxiUITests */ = {
			isa = PBXNativeTarget;
			buildConfigurationList = EDA201ED1FC723770019E78B /* Build configuration list for PBXNativeTarget "TaxiUITests" */;
			buildPhases = (
				95059F7815A9DE61CFC14509 /* [CP] Check Pods Manifest.lock */,
				EDA201DA1FC723770019E78B /* Sources */,
				EDA201DB1FC723770019E78B /* Frameworks */,
				EDA201DC1FC723770019E78B /* Resources */,
				E1A2897163644E74993CFAB3 /* [CP] Embed Pods Frameworks */,
				CEA451044B99158FAB622EDA /* [CP] Copy Pods Resources */,
			);
			buildRules = (
			);
			dependencies = (
				EDA201E01FC723770019E78B /* PBXTargetDependency */,
			);
			name = TaxiUITests;
			productName = TaxiUITests;
			productReference = EDA201DE1FC723770019E78B /* TaxiUITests.xctest */;
			productType = "com.apple.product-type.bundle.ui-testing";
		};
/* End PBXNativeTarget section */

/* Begin PBXProject section */
		EDA201B71FC723770019E78B /* Project object */ = {
			isa = PBXProject;
			attributes = {
				LastSwiftUpdateCheck = 0900;
				LastUpgradeCheck = 0900;
				ORGANIZATIONNAME = "surendra kumar";
				TargetAttributes = {
					EDA201BE1FC723770019E78B = {
						CreatedOnToolsVersion = 9.0;
						ProvisioningStyle = Automatic;
					};
					EDA201D21FC723770019E78B = {
						CreatedOnToolsVersion = 9.0;
						ProvisioningStyle = Automatic;
						TestTargetID = EDA201BE1FC723770019E78B;
					};
					EDA201DD1FC723770019E78B = {
						CreatedOnToolsVersion = 9.0;
						ProvisioningStyle = Automatic;
						TestTargetID = EDA201BE1FC723770019E78B;
					};
				};
			};
			buildConfigurationList = EDA201BA1FC723770019E78B /* Build configuration list for PBXProject "Taxi" */;
			compatibilityVersion = "Xcode 8.0";
			developmentRegion = en;
			hasScannedForEncodings = 0;
			knownRegions = (
				en,
				Base,
			);
			mainGroup = EDA201B61FC723770019E78B;
			productRefGroup = EDA201C01FC723770019E78B /* Products */;
			projectDirPath = "";
			projectRoot = "";
			targets = (
				EDA201BE1FC723770019E78B /* Taxi */,
				EDA201D21FC723770019E78B /* TaxiTests */,
				EDA201DD1FC723770019E78B /* TaxiUITests */,
			);
		};
/* End PBXProject section */

/* Begin PBXResourcesBuildPhase section */
		EDA201BD1FC723770019E78B /* Resources */ = {
			isa = PBXResourcesBuildPhase;
			buildActionMask = 2147483647;
			files = (
				EDA201CD1FC723770019E78B /* LaunchScreen.storyboard in Resources */,
				EDA201CA1FC723770019E78B /* Assets.xcassets in Resources */,
				ED38B1731FC8182600718CE1 /* UberVC.xib in Resources */,
				EDA201C81FC723770019E78B /* Main.storyboard in Resources */,
			);
			runOnlyForDeploymentPostprocessing = 0;
		};
		EDA201D11FC723770019E78B /* Resources */ = {
			isa = PBXResourcesBuildPhase;
			buildActionMask = 2147483647;
			files = (
			);
			runOnlyForDeploymentPostprocessing = 0;
		};
		EDA201DC1FC723770019E78B /* Resources */ = {
			isa = PBXResourcesBuildPhase;
			buildActionMask = 2147483647;
			files = (
			);
			runOnlyForDeploymentPostprocessing = 0;
		};
/* End PBXResourcesBuildPhase section */

/* Begin PBXShellScriptBuildPhase section */
		1B8A3915977C1EADFC923801 /* [CP] Check Pods Manifest.lock */ = {
			isa = PBXShellScriptBuildPhase;
			buildActionMask = 2147483647;
			files = (
			);
			inputPaths = (
				"${PODS_PODFILE_DIR_PATH}/Podfile.lock",
				"${PODS_ROOT}/Manifest.lock",
			);
			name = "[CP] Check Pods Manifest.lock";
			outputPaths = (
				"$(DERIVED_FILE_DIR)/Pods-Taxi-checkManifestLockResult.txt",
			);
			runOnlyForDeploymentPostprocessing = 0;
			shellPath = /bin/sh;
			shellScript = "diff \"${PODS_PODFILE_DIR_PATH}/Podfile.lock\" \"${PODS_ROOT}/Manifest.lock\" > /dev/null\nif [ $? != 0 ] ; then\n    # print error to STDERR\n    echo \"error: The sandbox is not in sync with the Podfile.lock. Run 'pod install' or update your CocoaPods installation.\" >&2\n    exit 1\nfi\n# This output is used by Xcode 'outputs' to avoid re-running this script phase.\necho \"SUCCESS\" > \"${SCRIPT_OUTPUT_FILE_0}\"\n";
			showEnvVarsInLog = 0;
		};
		319338379AA6D64FD10180CC /* [CP] Embed Pods Frameworks */ = {
			isa = PBXShellScriptBuildPhase;
			buildActionMask = 2147483647;
			files = (
			);
			inputPaths = (
			);
			name = "[CP] Embed Pods Frameworks";
			outputPaths = (
			);
			runOnlyForDeploymentPostprocessing = 0;
			shellPath = /bin/sh;
			shellScript = "\"${SRCROOT}/Pods/Target Support Files/Pods-TaxiTests/Pods-TaxiTests-frameworks.sh\"\n";
			showEnvVarsInLog = 0;
		};
		6B90D66CCF8CB9AA86181938 /* [CP] Copy Pods Resources */ = {
			isa = PBXShellScriptBuildPhase;
			buildActionMask = 2147483647;
			files = (
			);
			inputPaths = (
			);
			name = "[CP] Copy Pods Resources";
			outputPaths = (
			);
			runOnlyForDeploymentPostprocessing = 0;
			shellPath = /bin/sh;
			shellScript = "\"${SRCROOT}/Pods/Target Support Files/Pods-TaxiTests/Pods-TaxiTests-resources.sh\"\n";
			showEnvVarsInLog = 0;
		};
		82386A0BABEA86D3AAC293F6 /* [CP] Embed Pods Frameworks */ = {
			isa = PBXShellScriptBuildPhase;
			buildActionMask = 2147483647;
			files = (
			);
			inputPaths = (
				"${SRCROOT}/Pods/Target Support Files/Pods-Taxi/Pods-Taxi-frameworks.sh",
				"${BUILT_PRODUCTS_DIR}/OAuthSwift/OAuthSwift.framework",
				"${BUILT_PRODUCTS_DIR}/UberRides/UberRides.framework",
			);
			name = "[CP] Embed Pods Frameworks";
			outputPaths = (
				"${TARGET_BUILD_DIR}/${FRAMEWORKS_FOLDER_PATH}/OAuthSwift.framework",
				"${TARGET_BUILD_DIR}/${FRAMEWORKS_FOLDER_PATH}/UberRides.framework",
			);
			runOnlyForDeploymentPostprocessing = 0;
			shellPath = /bin/sh;
			shellScript = "\"${SRCROOT}/Pods/Target Support Files/Pods-Taxi/Pods-Taxi-frameworks.sh\"\n";
			showEnvVarsInLog = 0;
		};
		95059F7815A9DE61CFC14509 /* [CP] Check Pods Manifest.lock */ = {
			isa = PBXShellScriptBuildPhase;
			buildActionMask = 2147483647;
			files = (
			);
			inputPaths = (
				"${PODS_PODFILE_DIR_PATH}/Podfile.lock",
				"${PODS_ROOT}/Manifest.lock",
			);
			name = "[CP] Check Pods Manifest.lock";
			outputPaths = (
				"$(DERIVED_FILE_DIR)/Pods-TaxiUITests-checkManifestLockResult.txt",
			);
			runOnlyForDeploymentPostprocessing = 0;
			shellPath = /bin/sh;
			shellScript = "diff \"${PODS_PODFILE_DIR_PATH}/Podfile.lock\" \"${PODS_ROOT}/Manifest.lock\" > /dev/null\nif [ $? != 0 ] ; then\n    # print error to STDERR\n    echo \"error: The sandbox is not in sync with the Podfile.lock. Run 'pod install' or update your CocoaPods installation.\" >&2\n    exit 1\nfi\n# This output is used by Xcode 'outputs' to avoid re-running this script phase.\necho \"SUCCESS\" > \"${SCRIPT_OUTPUT_FILE_0}\"\n";
			showEnvVarsInLog = 0;
		};
		B3221A8AD4EDE77B3972B7E5 /* [CP] Check Pods Manifest.lock */ = {
			isa = PBXShellScriptBuildPhase;
			buildActionMask = 2147483647;
			files = (
			);
			inputPaths = (
				"${PODS_PODFILE_DIR_PATH}/Podfile.lock",
				"${PODS_ROOT}/Manifest.lock",
			);
			name = "[CP] Check Pods Manifest.lock";
			outputPaths = (
				"$(DERIVED_FILE_DIR)/Pods-TaxiTests-checkManifestLockResult.txt",
			);
			runOnlyForDeploymentPostprocessing = 0;
			shellPath = /bin/sh;
			shellScript = "diff \"${PODS_PODFILE_DIR_PATH}/Podfile.lock\" \"${PODS_ROOT}/Manifest.lock\" > /dev/null\nif [ $? != 0 ] ; then\n    # print error to STDERR\n    echo \"error: The sandbox is not in sync with the Podfile.lock. Run 'pod install' or update your CocoaPods installation.\" >&2\n    exit 1\nfi\n# This output is used by Xcode 'outputs' to avoid re-running this script phase.\necho \"SUCCESS\" > \"${SCRIPT_OUTPUT_FILE_0}\"\n";
			showEnvVarsInLog = 0;
		};
		CEA451044B99158FAB622EDA /* [CP] Copy Pods Resources */ = {
			isa = PBXShellScriptBuildPhase;
			buildActionMask = 2147483647;
			files = (
			);
			inputPaths = (
			);
			name = "[CP] Copy Pods Resources";
			outputPaths = (
			);
			runOnlyForDeploymentPostprocessing = 0;
			shellPath = /bin/sh;
			shellScript = "\"${SRCROOT}/Pods/Target Support Files/Pods-TaxiUITests/Pods-TaxiUITests-resources.sh\"\n";
			showEnvVarsInLog = 0;
		};
		D7086E56B94D81F1E43735DF /* [CP] Copy Pods Resources */ = {
			isa = PBXShellScriptBuildPhase;
			buildActionMask = 2147483647;
			files = (
			);
			inputPaths = (
			);
			name = "[CP] Copy Pods Resources";
			outputPaths = (
			);
			runOnlyForDeploymentPostprocessing = 0;
			shellPath = /bin/sh;
			shellScript = "\"${SRCROOT}/Pods/Target Support Files/Pods-Taxi/Pods-Taxi-resources.sh\"\n";
			showEnvVarsInLog = 0;
		};
		E1A2897163644E74993CFAB3 /* [CP] Embed Pods Frameworks */ = {
			isa = PBXShellScriptBuildPhase;
			buildActionMask = 2147483647;
			files = (
			);
			inputPaths = (
			);
			name = "[CP] Embed Pods Frameworks";
			outputPaths = (
			);
			runOnlyForDeploymentPostprocessing = 0;
			shellPath = /bin/sh;
			shellScript = "\"${SRCROOT}/Pods/Target Support Files/Pods-TaxiUITests/Pods-TaxiUITests-frameworks.sh\"\n";
			showEnvVarsInLog = 0;
		};
/* End PBXShellScriptBuildPhase section */

/* Begin PBXSourcesBuildPhase section */
		EDA201BB1FC723770019E78B /* Sources */ = {
			isa = PBXSourcesBuildPhase;
			buildActionMask = 2147483647;
			files = (
				ED38B1721FC8182600718CE1 /* UberVC.swift in Sources */,
				EDA201C51FC723770019E78B /* ViewController.swift in Sources */,
				EDA201C31FC723770019E78B /* AppDelegate.swift in Sources */,
			);
			runOnlyForDeploymentPostprocessing = 0;
		};
		EDA201CF1FC723770019E78B /* Sources */ = {
			isa = PBXSourcesBuildPhase;
			buildActionMask = 2147483647;
			files = (
				EDA201D81FC723770019E78B /* TaxiTests.swift in Sources */,
			);
			runOnlyForDeploymentPostprocessing = 0;
		};
		EDA201DA1FC723770019E78B /* Sources */ = {
			isa = PBXSourcesBuildPhase;
			buildActionMask = 2147483647;
			files = (
				EDA201E31FC723770019E78B /* TaxiUITests.swift in Sources */,
			);
			runOnlyForDeploymentPostprocessing = 0;
		};
/* End PBXSourcesBuildPhase section */

/* Begin PBXTargetDependency section */
		EDA201D51FC723770019E78B /* PBXTargetDependency */ = {
			isa = PBXTargetDependency;
			target = EDA201BE1FC723770019E78B /* Taxi */;
			targetProxy = EDA201D41FC723770019E78B /* PBXContainerItemProxy */;
		};
		EDA201E01FC723770019E78B /* PBXTargetDependency */ = {
			isa = PBXTargetDependency;
			target = EDA201BE1FC723770019E78B /* Taxi */;
			targetProxy = EDA201DF1FC723770019E78B /* PBXContainerItemProxy */;
		};
/* End PBXTargetDependency section */

/* Begin PBXVariantGroup section */
		EDA201C61FC723770019E78B /* Main.storyboard */ = {
			isa = PBXVariantGroup;
			children = (
				EDA201C71FC723770019E78B /* Base */,
			);
			name = Main.storyboard;
			sourceTree = "<group>";
		};
		EDA201CB1FC723770019E78B /* LaunchScreen.storyboard */ = {
			isa = PBXVariantGroup;
			children = (
				EDA201CC1FC723770019E78B /* Base */,
			);
			name = LaunchScreen.storyboard;
			sourceTree = "<group>";
		};
/* End PBXVariantGroup section */

/* Begin XCBuildConfiguration section */
		EDA201E51FC723770019E78B /* Debug */ = {
			isa = XCBuildConfiguration;
			buildSettings = {
				ALWAYS_SEARCH_USER_PATHS = NO;
				CLANG_ANALYZER_NONNULL = YES;
				CLANG_ANALYZER_NUMBER_OBJECT_CONVERSION = YES_AGGRESSIVE;
				CLANG_CXX_LANGUAGE_STANDARD = "gnu++14";
				CLANG_CXX_LIBRARY = "libc++";
				CLANG_ENABLE_MODULES = YES;
				CLANG_ENABLE_OBJC_ARC = YES;
				CLANG_WARN_BLOCK_CAPTURE_AUTORELEASING = YES;
				CLANG_WARN_BOOL_CONVERSION = YES;
				CLANG_WARN_COMMA = YES;
				CLANG_WARN_CONSTANT_CONVERSION = YES;
				CLANG_WARN_DIRECT_OBJC_ISA_USAGE = YES_ERROR;
				CLANG_WARN_DOCUMENTATION_COMMENTS = YES;
				CLANG_WARN_EMPTY_BODY = YES;
				CLANG_WARN_ENUM_CONVERSION = YES;
				CLANG_WARN_INFINITE_RECURSION = YES;
				CLANG_WARN_INT_CONVERSION = YES;
				CLANG_WARN_NON_LITERAL_NULL_CONVERSION = YES;
				CLANG_WARN_OBJC_LITERAL_CONVERSION = YES;
				CLANG_WARN_OBJC_ROOT_CLASS = YES_ERROR;
				CLANG_WARN_RANGE_LOOP_ANALYSIS = YES;
				CLANG_WARN_STRICT_PROTOTYPES = YES;
				CLANG_WARN_SUSPICIOUS_MOVE = YES;
				CLANG_WARN_UNGUARDED_AVAILABILITY = YES_AGGRESSIVE;
				CLANG_WARN_UNREACHABLE_CODE = YES;
				CLANG_WARN__DUPLICATE_METHOD_MATCH = YES;
				CODE_SIGN_IDENTITY = "iPhone Developer";
				COPY_PHASE_STRIP = NO;
				DEBUG_INFORMATION_FORMAT = dwarf;
				ENABLE_STRICT_OBJC_MSGSEND = YES;
				ENABLE_TESTABILITY = YES;
				GCC_C_LANGUAGE_STANDARD = gnu11;
				GCC_DYNAMIC_NO_PIC = NO;
				GCC_NO_COMMON_BLOCKS = YES;
				GCC_OPTIMIZATION_LEVEL = 0;
				GCC_PREPROCESSOR_DEFINITIONS = (
					"DEBUG=1",
					"$(inherited)",
				);
				GCC_WARN_64_TO_32_BIT_CONVERSION = YES;
				GCC_WARN_ABOUT_RETURN_TYPE = YES_ERROR;
				GCC_WARN_UNDECLARED_SELECTOR = YES;
				GCC_WARN_UNINITIALIZED_AUTOS = YES_AGGRESSIVE;
				GCC_WARN_UNUSED_FUNCTION = YES;
				GCC_WARN_UNUSED_VARIABLE = YES;
				IPHONEOS_DEPLOYMENT_TARGET = 11.0;
				MTL_ENABLE_DEBUG_INFO = YES;
				ONLY_ACTIVE_ARCH = YES;
				SDKROOT = iphoneos;
				SWIFT_ACTIVE_COMPILATION_CONDITIONS = DEBUG;
				SWIFT_OPTIMIZATION_LEVEL = "-Onone";
			};
			name = Debug;
		};
		EDA201E61FC723770019E78B /* Release */ = {
			isa = XCBuildConfiguration;
			buildSettings = {
				ALWAYS_SEARCH_USER_PATHS = NO;
				CLANG_ANALYZER_NONNULL = YES;
				CLANG_ANALYZER_NUMBER_OBJECT_CONVERSION = YES_AGGRESSIVE;
				CLANG_CXX_LANGUAGE_STANDARD = "gnu++14";
				CLANG_CXX_LIBRARY = "libc++";
				CLANG_ENABLE_MODULES = YES;
				CLANG_ENABLE_OBJC_ARC = YES;
				CLANG_WARN_BLOCK_CAPTURE_AUTORELEASING = YES;
				CLANG_WARN_BOOL_CONVERSION = YES;
				CLANG_WARN_COMMA = YES;
				CLANG_WARN_CONSTANT_CONVERSION = YES;
				CLANG_WARN_DIRECT_OBJC_ISA_USAGE = YES_ERROR;
				CLANG_WARN_DOCUMENTATION_COMMENTS = YES;
				CLANG_WARN_EMPTY_BODY = YES;
				CLANG_WARN_ENUM_CONVERSION = YES;
				CLANG_WARN_INFINITE_RECURSION = YES;
				CLANG_WARN_INT_CONVERSION = YES;
				CLANG_WARN_NON_LITERAL_NULL_CONVERSION = YES;
				CLANG_WARN_OBJC_LITERAL_CONVERSION = YES;
				CLANG_WARN_OBJC_ROOT_CLASS = YES_ERROR;
				CLANG_WARN_RANGE_LOOP_ANALYSIS = YES;
				CLANG_WARN_STRICT_PROTOTYPES = YES;
				CLANG_WARN_SUSPICIOUS_MOVE = YES;
				CLANG_WARN_UNGUARDED_AVAILABILITY = YES_AGGRESSIVE;
				CLANG_WARN_UNREACHABLE_CODE = YES;
				CLANG_WARN__DUPLICATE_METHOD_MATCH = YES;
				CODE_SIGN_IDENTITY = "iPhone Developer";
				COPY_PHASE_STRIP = NO;
				DEBUG_INFORMATION_FORMAT = "dwarf-with-dsym";
				ENABLE_NS_ASSERTIONS = NO;
				ENABLE_STRICT_OBJC_MSGSEND = YES;
				GCC_C_LANGUAGE_STANDARD = gnu11;
				GCC_NO_COMMON_BLOCKS = YES;
				GCC_WARN_64_TO_32_BIT_CONVERSION = YES;
				GCC_WARN_ABOUT_RETURN_TYPE = YES_ERROR;
				GCC_WARN_UNDECLARED_SELECTOR = YES;
				GCC_WARN_UNINITIALIZED_AUTOS = YES_AGGRESSIVE;
				GCC_WARN_UNUSED_FUNCTION = YES;
				GCC_WARN_UNUSED_VARIABLE = YES;
				IPHONEOS_DEPLOYMENT_TARGET = 11.0;
				MTL_ENABLE_DEBUG_INFO = NO;
				SDKROOT = iphoneos;
				SWIFT_OPTIMIZATION_LEVEL = "-Owholemodule";
				VALIDATE_PRODUCT = YES;
			};
			name = Release;
		};
		EDA201E81FC723770019E78B /* Debug */ = {
			isa = XCBuildConfiguration;
			baseConfigurationReference = 24AD8078CFE73C262E261E81 /* Pods-Taxi.debug.xcconfig */;
			buildSettings = {
				ASSETCATALOG_COMPILER_APPICON_NAME = AppIcon;
				CODE_SIGN_STYLE = Automatic;
				DEVELOPMENT_TEAM = G5A2E3RMNX;
				INFOPLIST_FILE = Taxi/Info.plist;
				LD_RUNPATH_SEARCH_PATHS = "$(inherited) @executable_path/Frameworks";
				PRODUCT_BUNDLE_IDENTIFIER = com.weza.Taxi;
				PRODUCT_NAME = "$(TARGET_NAME)";
				SWIFT_VERSION = 4.0;
				TARGETED_DEVICE_FAMILY = "1,2";
			};
			name = Debug;
		};
		EDA201E91FC723770019E78B /* Release */ = {
			isa = XCBuildConfiguration;
			baseConfigurationReference = 5356B4F6551F230DB59A8E6E /* Pods-Taxi.release.xcconfig */;
			buildSettings = {
				ASSETCATALOG_COMPILER_APPICON_NAME = AppIcon;
				CODE_SIGN_STYLE = Automatic;
				DEVELOPMENT_TEAM = G5A2E3RMNX;
				INFOPLIST_FILE = Taxi/Info.plist;
				LD_RUNPATH_SEARCH_PATHS = "$(inherited) @executable_path/Frameworks";
				PRODUCT_BUNDLE_IDENTIFIER = com.weza.Taxi;
				PRODUCT_NAME = "$(TARGET_NAME)";
				SWIFT_VERSION = 4.0;
				TARGETED_DEVICE_FAMILY = "1,2";
			};
			name = Release;
		};
		EDA201EB1FC723770019E78B /* Debug */ = {
			isa = XCBuildConfiguration;
			baseConfigurationReference = AB443F734273B3418C48077E /* Pods-TaxiTests.debug.xcconfig */;
			buildSettings = {
				ALWAYS_EMBED_SWIFT_STANDARD_LIBRARIES = YES;
				BUNDLE_LOADER = "$(TEST_HOST)";
				CODE_SIGN_STYLE = Automatic;
				DEVELOPMENT_TEAM = G5A2E3RMNX;
				INFOPLIST_FILE = TaxiTests/Info.plist;
				LD_RUNPATH_SEARCH_PATHS = "$(inherited) @executable_path/Frameworks @loader_path/Frameworks";
				PRODUCT_BUNDLE_IDENTIFIER = com.weza.TaxiTests;
				PRODUCT_NAME = "$(TARGET_NAME)";
				SWIFT_VERSION = 4.0;
				TARGETED_DEVICE_FAMILY = "1,2";
				TEST_HOST = "$(BUILT_PRODUCTS_DIR)/Taxi.app/Taxi";
			};
			name = Debug;
		};
		EDA201EC1FC723770019E78B /* Release */ = {
			isa = XCBuildConfiguration;
			baseConfigurationReference = E8E2D82D7013365337DFEEDC /* Pods-TaxiTests.release.xcconfig */;
			buildSettings = {
				ALWAYS_EMBED_SWIFT_STANDARD_LIBRARIES = YES;
				BUNDLE_LOADER = "$(TEST_HOST)";
				CODE_SIGN_STYLE = Automatic;
				DEVELOPMENT_TEAM = G5A2E3RMNX;
				INFOPLIST_FILE = TaxiTests/Info.plist;
				LD_RUNPATH_SEARCH_PATHS = "$(inherited) @executable_path/Frameworks @loader_path/Frameworks";
				PRODUCT_BUNDLE_IDENTIFIER = com.weza.TaxiTests;
				PRODUCT_NAME = "$(TARGET_NAME)";
				SWIFT_VERSION = 4.0;
				TARGETED_DEVICE_FAMILY = "1,2";
				TEST_HOST = "$(BUILT_PRODUCTS_DIR)/Taxi.app/Taxi";
			};
			name = Release;
		};
		EDA201EE1FC723770019E78B /* Debug */ = {
			isa = XCBuildConfiguration;
			baseConfigurationReference = BC7B8572E74D8323970F0D7C /* Pods-TaxiUITests.debug.xcconfig */;
			buildSettings = {
				ALWAYS_EMBED_SWIFT_STANDARD_LIBRARIES = YES;
				CODE_SIGN_STYLE = Automatic;
				DEVELOPMENT_TEAM = G5A2E3RMNX;
				INFOPLIST_FILE = TaxiUITests/Info.plist;
				LD_RUNPATH_SEARCH_PATHS = "$(inherited) @executable_path/Frameworks @loader_path/Frameworks";
				PRODUCT_BUNDLE_IDENTIFIER = com.weza.TaxiUITests;
				PRODUCT_NAME = "$(TARGET_NAME)";
				SWIFT_VERSION = 4.0;
				TARGETED_DEVICE_FAMILY = "1,2";
				TEST_TARGET_NAME = Taxi;
			};
			name = Debug;
		};
		EDA201EF1FC723770019E78B /* Release */ = {
			isa = XCBuildConfiguration;
			baseConfigurationReference = 99FF26BA7B19CD8DB6DB6C90 /* Pods-TaxiUITests.release.xcconfig */;
			buildSettings = {
				ALWAYS_EMBED_SWIFT_STANDARD_LIBRARIES = YES;
				CODE_SIGN_STYLE = Automatic;
				DEVELOPMENT_TEAM = G5A2E3RMNX;
				INFOPLIST_FILE = TaxiUITests/Info.plist;
				LD_RUNPATH_SEARCH_PATHS = "$(inherited) @executable_path/Frameworks @loader_path/Frameworks";
				PRODUCT_BUNDLE_IDENTIFIER = com.weza.TaxiUITests;
				PRODUCT_NAME = "$(TARGET_NAME)";
				SWIFT_VERSION = 4.0;
				TARGETED_DEVICE_FAMILY = "1,2";
				TEST_TARGET_NAME = Taxi;
			};
			name = Release;
		};
/* End XCBuildConfiguration section */

/* Begin XCConfigurationList section */
		EDA201BA1FC723770019E78B /* Build configuration list for PBXProject "Taxi" */ = {
			isa = XCConfigurationList;
			buildConfigurations = (
				EDA201E51FC723770019E78B /* Debug */,
				EDA201E61FC723770019E78B /* Release */,
			);
			defaultConfigurationIsVisible = 0;
			defaultConfigurationName = Release;
		};
		EDA201E71FC723770019E78B /* Build configuration list for PBXNativeTarget "Taxi" */ = {
			isa = XCConfigurationList;
			buildConfigurations = (
				EDA201E81FC723770019E78B /* Debug */,
				EDA201E91FC723770019E78B /* Release */,
			);
			defaultConfigurationIsVisible = 0;
			defaultConfigurationName = Release;
		};
		EDA201EA1FC723770019E78B /* Build configuration list for PBXNativeTarget "TaxiTests" */ = {
			isa = XCConfigurationList;
			buildConfigurations = (
				EDA201EB1FC723770019E78B /* Debug */,
				EDA201EC1FC723770019E78B /* Release */,
			);
			defaultConfigurationIsVisible = 0;
			defaultConfigurationName = Release;
		};
		EDA201ED1FC723770019E78B /* Build configuration list for PBXNativeTarget "TaxiUITests" */ = {
			isa = XCConfigurationList;
			buildConfigurations = (
				EDA201EE1FC723770019E78B /* Debug */,
				EDA201EF1FC723770019E78B /* Release */,
			);
			defaultConfigurationIsVisible = 0;
			defaultConfigurationName = Release;
		};
/* End XCConfigurationList section */
	};
	rootObject = EDA201B71FC723770019E78B /* Project object */;
}
